
Microsoft Visual Studio Solution File, Format Version 12.00
# Visual Studio Version 17
VisualStudioVersion = 17.5.002.0
MinimumVisualStudioVersion = 10.0.40219.1
Project("{9A19103F-16F7-4668-BE54-9A1E7A4F7556}") = "DesafioFundamentos", "DesafioFundamentos\DesafioFundamentos.csproj", "{1DF6C17A-A93B-42BC-8514-BA7395041DE6}"
EndProject
Global
	GlobalSection(SolutionConfigurationPlatforms) = preSolution
		Debug|Any CPU = Debug|Any CPU
		Release|Any CPU = Release|Any CPU
	EndGlobalSection
	GlobalSection(ProjectConfigurationPlatforms) = postSolution
		{1DF6C17A-A93B-42BC-8514-BA7395041DE6}.Debug|Any CPU.ActiveCfg = Debug|Any CPU
		{1DF6C17A-A93B-42BC-8514-BA7395041DE6}.Debug|Any CPU.Build.0 = Debug|Any CPU
		{1DF6C17A-A93B-42BC-8514-BA7395041DE6}.Release|Any CPU.ActiveCfg = Release|Any CPU
		{1DF6C17A-A93B-42BC-8514-BA7395041DE6}.Release|Any CPU.Build.0 = Release|Any CPU
	EndGlobalSection
	GlobalSection(SolutionProperties) = preSolution
		HideSolutionNode = FALSE
	EndGlobalSection
	GlobalSection(ExtensibilityGlobals) = postSolution
		SolutionGuid = {306AFD6F-4585-4B95-BD9F-523F6153F069}
	EndGlobalSection
EndGlobal
